
Microsoft Visual Studio Solution File, Format Version 12.00
# Visual Studio Version 16
VisualStudioVersion = 16.0.33801.447
MinimumVisualStudioVersion = 10.0.40219.1
Project("{FAE04EC0-301F-11D3-BF4B-00C04F79EFBC}") = "AuthenticationAppAPI", "AuthenticationAppAPI\AuthenticationAppAPI.csproj", "{9E8DFA1C-ECED-4986-ACCC-9D74D9B39A7B}"
EndProject
Global
	GlobalSection(SolutionConfigurationPlatforms) = preSolution
		Debug|Any CPU = Debug|Any CPU
		Release|Any CPU = Release|Any CPU
	EndGlobalSection
	GlobalSection(ProjectConfigurationPlatforms) = postSolution
		{9E8DFA1C-ECED-4986-ACCC-9D74D9B39A7B}.Debug|Any CPU.ActiveCfg = Debug|Any CPU
		{9E8DFA1C-ECED-4986-ACCC-9D74D9B39A7B}.Debug|Any CPU.Build.0 = Debug|Any CPU
		{9E8DFA1C-ECED-4986-ACCC-9D74D9B39A7B}.Release|Any CPU.ActiveCfg = Release|Any CPU
		{9E8DFA1C-ECED-4986-ACCC-9D74D9B39A7B}.Release|Any CPU.Build.0 = Release|Any CPU
	EndGlobalSection
	GlobalSection(SolutionProperties) = preSolution
		HideSolutionNode = FALSE
	EndGlobalSection
	GlobalSection(ExtensibilityGlobals) = postSolution
		SolutionGuid = {74BA1B34-97B7-410D-8CBD-B84168DA66F1}
	EndGlobalSection
EndGlobal
